
Microsoft Visual Studio Solution File, Format Version 12.00
# Visual Studio 15
VisualStudioVersion = 15.0.28010.2019
MinimumVisualStudioVersion = 10.0.40219.1
Project("{FAE04EC0-301F-11D3-BF4B-00C04F79EFBC}") = "UserInterace", "UserInterace\UserInterace.csproj", "{9FE73819-B84F-4AD3-AF25-4D414518C45B}"
EndProject
Global
	GlobalSection(SolutionConfigurationPlatforms) = preSolution
		Debug|Any CPU = Debug|Any CPU
		Release|Any CPU = Release|Any CPU
	EndGlobalSection
	GlobalSection(ProjectConfigurationPlatforms) = postSolution
		{9FE73819-B84F-4AD3-AF25-4D414518C45B}.Debug|Any CPU.ActiveCfg = Debug|Any CPU
		{9FE73819-B84F-4AD3-AF25-4D414518C45B}.Debug|Any CPU.Build.0 = Debug|Any CPU
		{9FE73819-B84F-4AD3-AF25-4D414518C45B}.Release|Any CPU.ActiveCfg = Release|Any CPU
		{9FE73819-B84F-4AD3-AF25-4D414518C45B}.Release|Any CPU.Build.0 = Release|Any CPU
	EndGlobalSection
	GlobalSection(SolutionProperties) = preSolution
		HideSolutionNode = FALSE
	EndGlobalSection
	GlobalSection(ExtensibilityGlobals) = postSolution
		SolutionGuid = {A1CA2962-D57F-4B51-91AB-1FDC1C99BA02}
	EndGlobalSection
EndGlobal
